# THIS IS AN AUTOGENERATED FILE. DO NOT EDIT THIS FILE DIRECTLY.
# yarn lockfile v1


"@babel/runtime@^7.12.5", "@babel/runtime@^7.5.5", "@babel/runtime@^7.6.2", "@babel/runtime@^7.7.2":
  version "7.20.7"
  resolved "https://registry.yarnpkg.com/@babel/runtime/-/runtime-7.20.7.tgz#fcb41a5a70550e04a7b708037c7c32f7f356d8fd"
  integrity sha512-UF0tvkUtxwAgZ5W/KrkHf0Rn0fdnLDU9ScxBrEVNUprE/MzirjK4MJUX1/BVDv00Sv8cljtukVK1aky++X1SjQ==
  dependencies:
    regenerator-runtime "^0.13.11"

"@next/env@13.1.1":
  version "13.1.1"
  resolved "https://registry.yarnpkg.com/@next/env/-/env-13.1.1.tgz#6ff26488dc7674ef2bfdd1ca28fe43eed1113bea"
  integrity sha512-vFMyXtPjSAiOXOywMojxfKIqE3VWN5RCAx+tT3AS3pcKjMLFTCJFUWsKv8hC+87Z1F4W3r68qTwDFZIFmd5Xkw==

"@next/swc-android-arm-eabi@13.1.1":
  version "13.1.1"
  resolved "https://registry.yarnpkg.com/@next/swc-android-arm-eabi/-/swc-android-arm-eabi-13.1.1.tgz#b5c3cd1f79d5c7e6a3b3562785d4e5ac3555b9e1"
  integrity sha512-qnFCx1kT3JTWhWve4VkeWuZiyjG0b5T6J2iWuin74lORCupdrNukxkq9Pm+Z7PsatxuwVJMhjUoYz7H4cWzx2A==

"@next/swc-android-arm64@13.1.1":
  version "13.1.1"
  resolved "https://registry.yarnpkg.com/@next/swc-android-arm64/-/swc-android-arm64-13.1.1.tgz#e2ca9ccbba9ef770cb19fbe96d1ac00fe4cb330d"
  integrity sha512-eCiZhTzjySubNqUnNkQCjU3Fh+ep3C6b5DCM5FKzsTH/3Gr/4Y7EiaPZKILbvnXmhWtKPIdcY6Zjx51t4VeTfA==

"@next/swc-darwin-arm64@13.1.1":
  version "13.1.1"
  resolved "https://registry.yarnpkg.com/@next/swc-darwin-arm64/-/swc-darwin-arm64-13.1.1.tgz#4af00877332231bbd5a3703435fdd0b011e74767"
  integrity sha512-9zRJSSIwER5tu9ADDkPw5rIZ+Np44HTXpYMr0rkM656IvssowPxmhK0rTreC1gpUCYwFsRbxarUJnJsTWiutPg==

"@next/swc-darwin-x64@13.1.1":
  version "13.1.1"
  resolved "https://registry.yarnpkg.com/@next/swc-darwin-x64/-/swc-darwin-x64-13.1.1.tgz#bf4cb09e7e6ec6d91e031118dde2dd17078bcbbc"
  integrity sha512-qWr9qEn5nrnlhB0rtjSdR00RRZEtxg4EGvicIipqZWEyayPxhUu6NwKiG8wZiYZCLfJ5KWr66PGSNeDMGlNaiA==

"@next/swc-freebsd-x64@13.1.1":
  version "13.1.1"
  resolved "https://registry.yarnpkg.com/@next/swc-freebsd-x64/-/swc-freebsd-x64-13.1.1.tgz#6933ea1264328e8523e28818f912cd53824382d4"
  integrity sha512-UwP4w/NcQ7V/VJEj3tGVszgb4pyUCt3lzJfUhjDMUmQbzG9LDvgiZgAGMYH6L21MoyAATJQPDGiAMWAPKsmumA==

"@next/swc-linux-arm-gnueabihf@13.1.1":
  version "13.1.1"
  resolved "https://registry.yarnpkg.com/@next/swc-linux-arm-gnueabihf/-/swc-linux-arm-gnueabihf-13.1.1.tgz#b5896967aaba3873d809c3ad2e2039e89acde419"
  integrity sha512-CnsxmKHco9sosBs1XcvCXP845Db+Wx1G0qouV5+Gr+HT/ZlDYEWKoHVDgnJXLVEQzq4FmHddBNGbXvgqM1Gfkg==

"@next/swc-linux-arm64-gnu@13.1.1":
  version "13.1.1"
  resolved "https://registry.yarnpkg.com/@next/swc-linux-arm64-gnu/-/swc-linux-arm64-gnu-13.1.1.tgz#91b3e9ea8575b1ded421c0ea0739b7bccf228469"
  integrity sha512-JfDq1eri5Dif+VDpTkONRd083780nsMCOKoFG87wA0sa4xL8LGcXIBAkUGIC1uVy9SMsr2scA9CySLD/i+Oqiw==

"@next/swc-linux-arm64-musl@13.1.1":
  version "13.1.1"
  resolved "https://registry.yarnpkg.com/@next/swc-linux-arm64-musl/-/swc-linux-arm64-musl-13.1.1.tgz#83149ea05d7d55f3664d608dbe004c0d125f9147"
  integrity sha512-GA67ZbDq2AW0CY07zzGt07M5b5Yaq5qUpFIoW3UFfjOPgb0Sqf3DAW7GtFMK1sF4ROHsRDMGQ9rnT0VM2dVfKA==

"@next/swc-linux-x64-gnu@13.1.1":
  version "13.1.1"
  resolved "https://registry.yarnpkg.com/@next/swc-linux-x64-gnu/-/swc-linux-x64-gnu-13.1.1.tgz#d7d0777b56de0dd82b78055772e13e18594a15ca"
  integrity sha512-nnjuBrbzvqaOJaV+XgT8/+lmXrSCOt1YYZn/irbDb2fR2QprL6Q7WJNgwsZNxiLSfLdv+2RJGGegBx9sLBEzGA==

"@next/swc-linux-x64-musl@13.1.1":
  version "13.1.1"
  resolved "https://registry.yarnpkg.com/@next/swc-linux-x64-musl/-/swc-linux-x64-musl-13.1.1.tgz#41655722b127133cd95ab5bc8ca1473e9ab6876f"
  integrity sha512-CM9xnAQNIZ8zf/igbIT/i3xWbQZYaF397H+JroF5VMOCUleElaMdQLL5riJml8wUfPoN3dtfn2s4peSr3azz/g==

"@next/swc-win32-arm64-msvc@13.1.1":
  version "13.1.1"
  resolved "https://registry.yarnpkg.com/@next/swc-win32-arm64-msvc/-/swc-win32-arm64-msvc-13.1.1.tgz#f10da3dfc9b3c2bbd202f5d449a9b807af062292"
  integrity sha512-pzUHOGrbgfGgPlOMx9xk3QdPJoRPU+om84hqVoe6u+E0RdwOG0Ho/2UxCgDqmvpUrMab1Deltlt6RqcXFpnigQ==

"@next/swc-win32-ia32-msvc@13.1.1":
  version "13.1.1"
  resolved "https://registry.yarnpkg.com/@next/swc-win32-ia32-msvc/-/swc-win32-ia32-msvc-13.1.1.tgz#4c0102b9b18ece15c818056d07e3917ee9dade78"
  integrity sha512-WeX8kVS46aobM9a7Xr/kEPcrTyiwJqQv/tbw6nhJ4fH9xNZ+cEcyPoQkwPo570dCOLz3Zo9S2q0E6lJ/EAUOBg==

"@next/swc-win32-x64-msvc@13.1.1":
  version "13.1.1"
  resolved "https://registry.yarnpkg.com/@next/swc-win32-x64-msvc/-/swc-win32-x64-msvc-13.1.1.tgz#c209a37da13be27b722f9c40c40ab4b094866244"
  integrity sha512-mVF0/3/5QAc5EGVnb8ll31nNvf3BWpPY4pBb84tk+BfQglWLqc5AC9q1Ht/YMWiEgs8ALNKEQ3GQnbY0bJF2Gg==

"@swc/helpers@0.4.14":
  version "0.4.14"
  resolved "https://registry.yarnpkg.com/@swc/helpers/-/helpers-0.4.14.tgz#1352ac6d95e3617ccb7c1498ff019654f1e12a74"
  integrity sha512-4C7nX/dvpzB7za4Ql9K81xK3HPxCpHMgwTZVyf+9JQ6VUbn9jjZVN7/Nkdz/Ugzs2CSjqnL/UPXroiVBVHUWUw==
  dependencies:
    tslib "^2.4.0"

axios@^0.26.0:
  version "0.26.1"
  resolved "https://registry.yarnpkg.com/axios/-/axios-0.26.1.tgz#1ede41c51fcf51bbbd6fd43669caaa4f0495aaa9"
  integrity sha512-fPwcX4EvnSHuInCMItEhAGnaSEXRBjtzh9fOtsE6E1G6p7vl7edEeZe11QHf18+6+9gR5PbKV/sGKNaD8YaMeA==
  dependencies:
    follow-redirects "^1.14.8"

balanced-match@^1.0.0:
  version "1.0.2"
  resolved "https://registry.yarnpkg.com/balanced-match/-/balanced-match-1.0.2.tgz#e83e3a7e3f300b34cb9d87f615fa0cbf357690ee"
  integrity sha512-3oSeUO0TMV67hN1AmbXsK4yaqU7tjiHlbxRDZOpH0KW9+CeX4bRAaX0Anxt0tx2MrpRpWwQaPwIlISEJhYU5Pw==

big-integer@^1.6.16:
  version "1.6.51"
  resolved "https://registry.yarnpkg.com/big-integer/-/big-integer-1.6.51.tgz#0df92a5d9880560d3ff2d5fd20245c889d130686"
  integrity sha512-GPEid2Y9QU1Exl1rpO9B2IPJGHPSupF5GnVIP0blYvNOMer2bTvSWs1jGOUg04hTmu67nmLsQ9TBo1puaotBHg==

brace-expansion@^1.1.7:
  version "1.1.11"
  resolved "https://registry.yarnpkg.com/brace-expansion/-/brace-expansion-1.1.11.tgz#3c7fcbf529d87226f3d2f52b966ff5271eb441dd"
  integrity sha512-iCuPHDFgrHX7H2vEI/5xpz07zSHB00TpugqhmYtVmMO6518mCuRMoOYFldEBl0g187ufozdaHgWKcYFb61qGiA==
  dependencies:
    balanced-match "^1.0.0"
    concat-map "0.0.1"

broadcast-channel@^3.4.1:
  version "3.7.0"
  resolved "https://registry.yarnpkg.com/broadcast-channel/-/broadcast-channel-3.7.0.tgz#2dfa5c7b4289547ac3f6705f9c00af8723889937"
  integrity sha512-cIAKJXAxGJceNZGTZSBzMxzyOn72cVgPnKx4dc6LRjQgbaJUQqhy5rzL3zbMxkMWsGKkv2hSFkPRMEXfoMZ2Mg==
  dependencies:
    "@babel/runtime" "^7.7.2"
    detect-node "^2.1.0"
    js-sha3 "0.8.0"
    microseconds "0.2.0"
    nano-time "1.0.0"
    oblivious-set "1.0.0"
    rimraf "3.0.2"
    unload "2.2.0"

caniuse-lite@^1.0.30001406:
  version "1.0.30001441"
  resolved "https://registry.yarnpkg.com/caniuse-lite/-/caniuse-lite-1.0.30001441.tgz#987437b266260b640a23cd18fbddb509d7f69f3e"
  integrity sha512-OyxRR4Vof59I3yGWXws6i908EtGbMzVUi3ganaZQHmydk1iwDhRnvaPG2WaR0KcqrDFKrxVZHULT396LEPhXfg==

client-only@0.0.1:
  version "0.0.1"
  resolved "https://registry.yarnpkg.com/client-only/-/client-only-0.0.1.tgz#38bba5d403c41ab150bff64a95c85013cf73bca1"
  integrity sha512-IV3Ou0jSMzZrd3pZ48nLkT9DA7Ag1pnPzaiQhpW7c3RbcqqzvzzVu+L8gfqMp/8IM2MQtSiqaCxrrcfu8I8rMA==

concat-map@0.0.1:
  version "0.0.1"
  resolved "https://registry.yarnpkg.com/concat-map/-/concat-map-0.0.1.tgz#d8a96bd77fd68df7793a73036a3ba0d5405d477b"
  integrity sha512-/Srv4dswyQNBfohGpz9o6Yb3Gz3SrUDqBH5rTuhGR7ahtlbYKnVxw2bCFMRljaA7EXHaXZ8wsHdodFvbkhKmqg==

detect-node@^2.0.4, detect-node@^2.1.0:
  version "2.1.0"
  resolved "https://registry.yarnpkg.com/detect-node/-/detect-node-2.1.0.tgz#c9c70775a49c3d03bc2c06d9a73be550f978f8b1"
  integrity sha512-T0NIuQpnTvFDATNuHN5roPwSBG83rFsuO+MXXH9/3N1eFbn4wcPjttvjMLEPWJ0RGUYgQE7cGgS3tNxbqCGM7g==

follow-redirects@^1.14.8:
  version "1.15.2"
  resolved "https://registry.yarnpkg.com/follow-redirects/-/follow-redirects-1.15.2.tgz#b460864144ba63f2681096f274c4e57026da2c13"
  integrity sha512-VQLG33o04KaQ8uYi2tVNbdrWp1QWxNNea+nmIB4EVM28v0hmP17z7aG1+wAkNzVq4KeXTq3221ye5qTJP91JwA==

fs.realpath@^1.0.0:
  version "1.0.0"
  resolved "https://registry.yarnpkg.com/fs.realpath/-/fs.realpath-1.0.0.tgz#1504ad2523158caa40db4a2787cb01411994ea4f"
  integrity sha512-OO0pH2lK6a0hZnAdau5ItzHPI6pUlvI7jMVnxUQRtw4owF2wk8lOSabtGDCTP4Ggrg2MbGnWO9X8K1t4+fGMDw==

glob@^7.1.3:
  version "7.2.3"
  resolved "https://registry.yarnpkg.com/glob/-/glob-7.2.3.tgz#b8df0fb802bbfa8e89bd1d938b4e16578ed44f2b"
  integrity sha512-nFR0zLpU2YCaRxwoCJvL6UvCH2JFyFVIvwTLsIf21AuHlMskA1hhTdk+LlYJtOlYt9v6dvszD2BGRqBL+iQK9Q==
  dependencies:
    fs.realpath "^1.0.0"
    inflight "^1.0.4"
    inherits "2"
    minimatch "^3.1.1"
    once "^1.3.0"
    path-is-absolute "^1.0.0"

inflight@^1.0.4:
  version "1.0.6"
  resolved "https://registry.yarnpkg.com/inflight/-/inflight-1.0.6.tgz#49bd6331d7d02d0c09bc910a1075ba8165b56df9"
  integrity sha512-k92I/b08q4wvFscXCLvqfsHCrjrF7yiXsQuIVvVE7N82W3+aqpzuUdBbfhWcy/FZR3/4IgflMgKLOsvPDrGCJA==
  dependencies:
    once "^1.3.0"
    wrappy "1"

inherits@2:
  version "2.0.4"
  resolved "https://registry.yarnpkg.com/inherits/-/inherits-2.0.4.tgz#0fa2c64f932917c3433a0ded55363aae37416b7c"
  integrity sha512-k/vGaX4/Yla3WzyMCvTQOXYeIHvqOKtnqBduzTHpzpQZzAskKMhZ2K+EnBiSM9zGSoIFeMpXKxa4dYeZIQqewQ==

js-sha3@0.8.0:
  version "0.8.0"
  resolved "https://registry.yarnpkg.com/js-sha3/-/js-sha3-0.8.0.tgz#b9b7a5da73afad7dedd0f8c463954cbde6818840"
  integrity sha512-gF1cRrHhIzNfToc802P800N8PpXS+evLLXfsVpowqmAFR9uwbi89WvXg2QspOmXL8QL86J4T1EpFu+yUkwJY3Q==

"js-tokens@^3.0.0 || ^4.0.0":
  version "4.0.0"
  resolved "https://registry.yarnpkg.com/js-tokens/-/js-tokens-4.0.0.tgz#19203fb59991df98e3a287050d4647cdeaf32499"
  integrity sha512-RdJUflcE3cUzKiMqQgsCu06FPu9UdIJO0beYbPhHN4k6apgJtifcoCtT9bcxOpYBtpD2kCM6Sbzg4CausW/PKQ==

loose-envify@^1.1.0:
  version "1.4.0"
  resolved "https://registry.yarnpkg.com/loose-envify/-/loose-envify-1.4.0.tgz#71ee51fa7be4caec1a63839f7e682d8132d30caf"
  integrity sha512-lyuxPGr/Wfhrlem2CL/UcnUc1zcqKAImBDzukY7Y5F/yQiNdko6+fRLevlw1HgMySw7f611UIY408EtxRSoK3Q==
  dependencies:
    js-tokens "^3.0.0 || ^4.0.0"

match-sorter@^6.0.2:
  version "6.3.1"
  resolved "https://registry.yarnpkg.com/match-sorter/-/match-sorter-6.3.1.tgz#98cc37fda756093424ddf3cbc62bfe9c75b92bda"
  integrity sha512-mxybbo3pPNuA+ZuCUhm5bwNkXrJTbsk5VWbR5wiwz/GC6LIiegBGn2w3O08UG/jdbYLinw51fSQ5xNU1U3MgBw==
  dependencies:
    "@babel/runtime" "^7.12.5"
    remove-accents "0.4.2"

microseconds@0.2.0:
  version "0.2.0"
  resolved "https://registry.yarnpkg.com/microseconds/-/microseconds-0.2.0.tgz#233b25f50c62a65d861f978a4a4f8ec18797dc39"
  integrity sha512-n7DHHMjR1avBbSpsTBj6fmMGh2AGrifVV4e+WYc3Q9lO+xnSZ3NyhcBND3vzzatt05LFhoKFRxrIyklmLlUtyA==

minimatch@^3.1.1:
  version "3.1.2"
  resolved "https://registry.yarnpkg.com/minimatch/-/minimatch-3.1.2.tgz#19cd194bfd3e428f049a70817c038d89ab4be35b"
  integrity sha512-J7p63hRiAjw1NDEww1W7i37+ByIrOWO5XQQAzZ3VOcL0PNybwpfmV/N05zFAzwQ9USyEcX6t3UO+K5aqBQOIHw==
  dependencies:
    brace-expansion "^1.1.7"

nano-time@1.0.0:
  version "1.0.0"
  resolved "https://registry.yarnpkg.com/nano-time/-/nano-time-1.0.0.tgz#b0554f69ad89e22d0907f7a12b0993a5d96137ef"
  integrity sha512-flnngywOoQ0lLQOTRNexn2gGSNuM9bKj9RZAWSzhQ+UJYaAFG9bac4DW9VHjUAzrOaIcajHybCTHe/bkvozQqA==
  dependencies:
    big-integer "^1.6.16"

nanoid@^3.3.4:
  version "3.3.4"
  resolved "https://registry.yarnpkg.com/nanoid/-/nanoid-3.3.4.tgz#730b67e3cd09e2deacf03c027c81c9d9dbc5e8ab"
  integrity sha512-MqBkQh/OHTS2egovRtLk45wEyNXwF+cokD+1YPf9u5VfJiRdAiRwB2froX5Co9Rh20xs4siNPm8naNotSD6RBw==

next@^13.1.1:
  version "13.1.1"
  resolved "https://registry.yarnpkg.com/next/-/next-13.1.1.tgz#42b825f650410649aff1017d203a088d77c80b5b"
  integrity sha512-R5eBAaIa3X7LJeYvv1bMdGnAVF4fVToEjim7MkflceFPuANY3YyvFxXee/A+acrSYwYPvOvf7f6v/BM/48ea5w==
  dependencies:
    "@next/env" "13.1.1"
    "@swc/helpers" "0.4.14"
    caniuse-lite "^1.0.30001406"
    postcss "8.4.14"
    styled-jsx "5.1.1"
  optionalDependencies:
    "@next/swc-android-arm-eabi" "13.1.1"
    "@next/swc-android-arm64" "13.1.1"
    "@next/swc-darwin-arm64" "13.1.1"
    "@next/swc-darwin-x64" "13.1.1"
    "@next/swc-freebsd-x64" "13.1.1"
    "@next/swc-linux-arm-gnueabihf" "13.1.1"
    "@next/swc-linux-arm64-gnu" "13.1.1"
    "@next/swc-linux-arm64-musl" "13.1.1"
    "@next/swc-linux-x64-gnu" "13.1.1"
    "@next/swc-linux-x64-musl" "13.1.1"
    "@next/swc-win32-arm64-msvc" "13.1.1"
    "@next/swc-win32-ia32-msvc" "13.1.1"
    "@next/swc-win32-x64-msvc" "13.1.1"

oblivious-set@1.0.0:
  version "1.0.0"
  resolved "https://registry.yarnpkg.com/oblivious-set/-/oblivious-set-1.0.0.tgz#c8316f2c2fb6ff7b11b6158db3234c49f733c566"
  integrity sha512-z+pI07qxo4c2CulUHCDf9lcqDlMSo72N/4rLUpRXf6fu+q8vjt8y0xS+Tlf8NTJDdTXHbdeO1n3MlbctwEoXZw==

once@^1.3.0:
  version "1.4.0"
  resolved "https://registry.yarnpkg.com/once/-/once-1.4.0.tgz#583b1aa775961d4b113ac17d9c50baef9dd76bd1"
  integrity sha512-lNaJgI+2Q5URQBkccEKHTQOPaXdUxnZZElQTZY0MFUAuaEqe1E+Nyvgdz/aIyNi6Z9MzO5dv1H8n58/GELp3+w==
  dependencies:
    wrappy "1"

path-is-absolute@^1.0.0:
  version "1.0.1"
  resolved "https://registry.yarnpkg.com/path-is-absolute/-/path-is-absolute-1.0.1.tgz#174b9268735534ffbc7ace6bf53a5a9e1b5c5f5f"
  integrity sha512-AVbw3UJ2e9bq64vSaS9Am0fje1Pa8pbGqTTsmXfaIiMpnr5DlDhfJOuLj9Sf95ZPVDAUerDfEk88MPmPe7UCQg==

picocolors@^1.0.0:
  version "1.0.0"
  resolved "https://registry.yarnpkg.com/picocolors/-/picocolors-1.0.0.tgz#cb5bdc74ff3f51892236eaf79d68bc44564ab81c"
  integrity sha512-1fygroTLlHu66zi26VoTDv8yRgm0Fccecssto+MhsZ0D/DGW2sm8E8AjW7NU5VVTRt5GxbeZ5qBuJr+HyLYkjQ==

postcss@8.4.14:
  version "8.4.14"
  resolved "https://registry.yarnpkg.com/postcss/-/postcss-8.4.14.tgz#ee9274d5622b4858c1007a74d76e42e56fd21caf"
  integrity sha512-E398TUmfAYFPBSdzgeieK2Y1+1cpdxJx8yXbK/m57nRhKSmk1GB2tO4lbLBtlkfPQTDKfe4Xqv1ASWPpayPEig==
  dependencies:
    nanoid "^3.3.4"
    picocolors "^1.0.0"
    source-map-js "^1.0.2"

react-dom@^18.2.0:
  version "18.2.0"
  resolved "https://registry.yarnpkg.com/react-dom/-/react-dom-18.2.0.tgz#22aaf38708db2674ed9ada224ca4aa708d821e3d"
  integrity sha512-6IMTriUmvsjHUjNtEDudZfuDQUoWXVxKHhlEGSk81n4YFS+r/Kl99wXiwlVXtPBtJenozv2P+hxDsw9eA7Xo6g==
  dependencies:
    loose-envify "^1.1.0"
    scheduler "^0.23.0"

react-query@^3.39.2:
  version "3.39.2"
  resolved "https://registry.yarnpkg.com/react-query/-/react-query-3.39.2.tgz#9224140f0296f01e9664b78ed6e4f69a0cc9216f"
  integrity sha512-F6hYDKyNgDQfQOuR1Rsp3VRzJnWHx6aRnnIZHMNGGgbL3SBgpZTDg8MQwmxOgpCAoqZJA+JSNCydF1xGJqKOCA==
  dependencies:
    "@babel/runtime" "^7.5.5"
    broadcast-channel "^3.4.1"
    match-sorter "^6.0.2"

react@^18.2.0:
  version "18.2.0"
  resolved "https://registry.yarnpkg.com/react/-/react-18.2.0.tgz#555bd98592883255fa00de14f1151a917b5d77d5"
  integrity sha512-/3IjMdb2L9QbBdWiW5e3P2/npwMBaU9mHCSCUzNln0ZCYbcfTsGbTJrU/kGemdH2IWmB2ioZ+zkxtmq6g09fGQ==
  dependencies:
    loose-envify "^1.1.0"

regenerator-runtime@^0.13.11:
  version "0.13.11"
  resolved "https://registry.yarnpkg.com/regenerator-runtime/-/regenerator-runtime-0.13.11.tgz#f6dca3e7ceec20590d07ada785636a90cdca17f9"
  integrity sha512-kY1AZVr2Ra+t+piVaJ4gxaFaReZVH40AKNo7UCX6W+dEwBo/2oZJzqfuN1qLq1oL45o56cPaTXELwrTh8Fpggg==

remove-accents@0.4.2:
  version "0.4.2"
  resolved "https://registry.yarnpkg.com/remove-accents/-/remove-accents-0.4.2.tgz#0a43d3aaae1e80db919e07ae254b285d9e1c7bb5"
  integrity sha512-7pXIJqJOq5tFgG1A2Zxti3Ht8jJF337m4sowbuHsW30ZnkQFnDzy9qBNhgzX8ZLW4+UBcXiiR7SwR6pokHsxiA==

rimraf@3.0.2:
  version "3.0.2"
  resolved "https://registry.yarnpkg.com/rimraf/-/rimraf-3.0.2.tgz#f1a5402ba6220ad52cc1282bac1ae3aa49fd061a"
  integrity sha512-JZkJMZkAGFFPP2YqXZXPbMlMBgsxzE8ILs4lMIX/2o0L9UBw9O/Y3o6wFw/i9YLapcUJWwqbi3kdxIPdC62TIA==
  dependencies:
    glob "^7.1.3"

scheduler@^0.23.0:
  version "0.23.0"
  resolved "https://registry.yarnpkg.com/scheduler/-/scheduler-0.23.0.tgz#ba8041afc3d30eb206a487b6b384002e4e61fdfe"
  integrity sha512-CtuThmgHNg7zIZWAXi3AsyIzA3n4xx7aNyjwC2VJldO2LMVDhFK+63xGqq6CsJH4rTAt6/M+N4GhZiDYPx9eUw==
  dependencies:
    loose-envify "^1.1.0"

source-map-js@^1.0.2:
  version "1.0.2"
  resolved "https://registry.yarnpkg.com/source-map-js/-/source-map-js-1.0.2.tgz#adbc361d9c62df380125e7f161f71c826f1e490c"
  integrity sha512-R0XvVJ9WusLiqTCEiGCmICCMplcCkIwwR11mOSD9CR5u+IXYdiseeEuXCVAjS54zqwkLcPNnmU4OeJ6tUrWhDw==

styled-jsx@5.1.1:
  version "5.1.1"
  resolved "https://registry.yarnpkg.com/styled-jsx/-/styled-jsx-5.1.1.tgz#839a1c3aaacc4e735fed0781b8619ea5d0009d1f"
  integrity sha512-pW7uC1l4mBZ8ugbiZrcIsiIvVx1UmTfw7UkC3Um2tmfUq9Bhk8IiyEIPl6F8agHgjzku6j0xQEZbfA5uSgSaCw==
  dependencies:
    client-only "0.0.1"

tslib@^2.4.0:
  version "2.4.1"
  resolved "https://registry.yarnpkg.com/tslib/-/tslib-2.4.1.tgz#0d0bfbaac2880b91e22df0768e55be9753a5b17e"
  integrity sha512-tGyy4dAjRIEwI7BzsB0lynWgOpfqjUdq91XXAlIWD2OwKBH7oCl/GZG/HT4BOHrTlPMOASlMQ7veyTqpmRcrNA==

unload@2.2.0:
  version "2.2.0"
  resolved "https://registry.yarnpkg.com/unload/-/unload-2.2.0.tgz#ccc88fdcad345faa06a92039ec0f80b488880ef7"
  integrity sha512-B60uB5TNBLtN6/LsgAf3udH9saB5p7gqJwcFfbOEZ8BcBHnGwCf6G/TGiEqkRAxX7zAFIUtzdrXQSdL3Q/wqNA==
  dependencies:
    "@babel/runtime" "^7.6.2"
    detect-node "^2.0.4"

wrappy@1:
  version "1.0.2"
  resolved "https://registry.yarnpkg.com/wrappy/-/wrappy-1.0.2.tgz#b5243d8f3ec1aa35f1364605bc0d1036e30ab69f"
  integrity sha512-l4Sp/DRseor9wL6EvV2+TuQn63dMkPjZ/sp9XkghTEbV9KlPS1xUsZ3u7/IQO4wxtcFB4bgpQPRcR3QCvezPcQ==
